{
  "name": "05-recipe-app",
  "version": "1.0.0",
  "lockfileVersion": 3,
  "requires": true,
  "packages": {
    "": {
      "name": "05-recipe-app",
      "version": "1.0.0",
      "license": "ISC",
      "workspaces": [
        "backend",
        "frontend"
      ]
    },
    "backend": {
      "version": "1.0.0",
      "license": "ISC"
    },
    "frontend": {
      "version": "1.0.0",
      "license": "ISC",
      "devDependencies": {}
    },
    "node_modules/backend": {
      "resolved": "backend",
      "link": true
    },
    "node_modules/frontend": {
      "resolved": "frontend",
      "link": true
    }
  }
}
